// !$*UTF8*$!
{
	archiveVersion = 1;
	classes = {
	};
	objectVersion = 46;
	objects = {

/* Begin PBXBuildFile section */
		AA641DE51CCE15B300304B86 /* AppDelegate.swift in Sources */ = {isa = PBXBuildFile; fileRef = AA641DE41CCE15B300304B86 /* AppDelegate.swift */; };
		AA641DE71CCE15B300304B86 /* CardsViewController.swift in Sources */ = {isa = PBXBuildFile; fileRef = AA641DE61CCE15B300304B86 /* CardsViewController.swift */; };
		AA641DEC1CCE15B300304B86 /* Main.storyboard in Resources */ = {isa = PBXBuildFile; fileRef = AA641DEA1CCE15B300304B86 /* Main.storyboard */; };
		AA641DEE1CCE15B300304B86 /* Assets.xcassets in Resources */ = {isa = PBXBuildFile; fileRef = AA641DED1CCE15B300304B86 /* Assets.xcassets */; };
		AA641DF11CCE15B300304B86 /* LaunchScreen.storyboard in Resources */ = {isa = PBXBuildFile; fileRef = AA641DEF1CCE15B300304B86 /* LaunchScreen.storyboard */; };
		AA641DFA1CCE5E1300304B86 /* CardsScrollView.swift in Sources */ = {isa = PBXBuildFile; fileRef = AA641DF91CCE5E1300304B86 /* CardsScrollView.swift */; };
		AA641DFC1CCE6C9D00304B86 /* BubbleButtonView.swift in Sources */ = {isa = PBXBuildFile; fileRef = AA641DFB1CCE6C9D00304B86 /* BubbleButtonView.swift */; };
		AA641E041CCFD75B00304B86 /* DefinitionViewController.swift in Sources */ = {isa = PBXBuildFile; fileRef = AA641E031CCFD75B00304B86 /* DefinitionViewController.swift */; };
		AA641E061CCFD82F00304B86 /* DictionaryBrain.swift in Sources */ = {isa = PBXBuildFile; fileRef = AA641E051CCFD82F00304B86 /* DictionaryBrain.swift */; };
		AA641E081CD0DBE300304B86 /* dictionary.json in Resources */ = {isa = PBXBuildFile; fileRef = AA641E071CD0DBE300304B86 /* dictionary.json */; };
/* End PBXBuildFile section */

/* Begin PBXFileReference section */
		AA641DE11CCE15B300304B86 /* Vitaly Ishkulov.app */ = {isa = PBXFileReference; explicitFileType = wrapper.application; includeInIndex = 0; path = "Vitaly Ishkulov.app"; sourceTree = BUILT_PRODUCTS_DIR; };
		AA641DE41CCE15B300304B86 /* AppDelegate.swift */ = {isa = PBXFileReference; lastKnownFileType = sourcecode.swift; path = AppDelegate.swift; sourceTree = "<group>"; };
		AA641DE61CCE15B300304B86 /* CardsViewController.swift */ = {isa = PBXFileReference; lastKnownFileType = sourcecode.swift; path = CardsViewController.swift; sourceTree = "<group>"; };
		AA641DEB1CCE15B300304B86 /* Base */ = {isa = PBXFileReference; lastKnownFileType = file.storyboard; name = Base; path = Base.lproj/Main.storyboard; sourceTree = "<group>"; };
		AA641DED1CCE15B300304B86 /* Assets.xcassets */ = {isa = PBXFileReference; lastKnownFileType = folder.assetcatalog; path = Assets.xcassets; sourceTree = "<group>"; };
		AA641DF01CCE15B300304B86 /* Base */ = {isa = PBXFileReference; lastKnownFileType = file.storyboard; name = Base; path = Base.lproj/LaunchScreen.storyboard; sourceTree = "<group>"; };
		AA641DF21CCE15B300304B86 /* Info.plist */ = {isa = PBXFileReference; lastKnownFileType = text.plist.xml; path = Info.plist; sourceTree = "<group>"; };
		AA641DF91CCE5E1300304B86 /* CardsScrollView.swift */ = {isa = PBXFileReference; fileEncoding = 4; lastKnownFileType = sourcecode.swift; path = CardsScrollView.swift; sourceTree = "<group>"; };
		AA641DFB1CCE6C9D00304B86 /* BubbleButtonView.swift */ = {isa = PBXFileReference; fileEncoding = 4; lastKnownFileType = sourcecode.swift; path = BubbleButtonView.swift; sourceTree = "<group>"; };
		AA641E031CCFD75B00304B86 /* DefinitionViewController.swift */ = {isa = PBXFileReference; fileEncoding = 4; lastKnownFileType = sourcecode.swift; path = DefinitionViewController.swift; sourceTree = "<group>"; };
		AA641E051CCFD82F00304B86 /* DictionaryBrain.swift */ = {isa = PBXFileReference; fileEncoding = 4; lastKnownFileType = sourcecode.swift; path = DictionaryBrain.swift; sourceTree = "<group>"; };
		AA641E071CD0DBE300304B86 /* dictionary.json */ = {isa = PBXFileReference; fileEncoding = 4; lastKnownFileType = text.json; name = dictionary.json; path = ../../dictionary.json; sourceTree = "<group>"; };
/* End PBXFileReference section */

/* Begin PBXFrameworksBuildPhase section */
		AA641DDE1CCE15B300304B86 /* Frameworks */ = {
			isa = PBXFrameworksBuildPhase;
			buildActionMask = 2147483647;
			files = (
			);
			runOnlyForDeploymentPostprocessing = 0;
		};
/* End PBXFrameworksBuildPhase section */

/* Begin PBXGroup section */
		AA641DD81CCE15B300304B86 = {
			isa = PBXGroup;
			children = (
				AA641DE31CCE15B300304B86 /* Vitaly Ishkulov */,
				AA641DE21CCE15B300304B86 /* Products */,
			);
			sourceTree = "<group>";
		};
		AA641DE21CCE15B300304B86 /* Products */ = {
			isa = PBXGroup;
			children = (
				AA641DE11CCE15B300304B86 /* Vitaly Ishkulov.app */,
			);
			name = Products;
			sourceTree = "<group>";
		};
		AA641DE31CCE15B300304B86 /* Vitaly Ishkulov */ = {
			isa = PBXGroup;
			children = (
				AA641E051CCFD82F00304B86 /* DictionaryBrain.swift */,
				AA641E071CD0DBE300304B86 /* dictionary.json */,
				AA641E031CCFD75B00304B86 /* DefinitionViewController.swift */,
				AA641DE61CCE15B300304B86 /* CardsViewController.swift */,
				AA641DF91CCE5E1300304B86 /* CardsScrollView.swift */,
				AA641DFB1CCE6C9D00304B86 /* BubbleButtonView.swift */,
				AA641DEA1CCE15B300304B86 /* Main.storyboard */,
				AA641DED1CCE15B300304B86 /* Assets.xcassets */,
				AA641DF81CCE5D0B00304B86 /* Supporting Files */,
			);
			path = "Vitaly Ishkulov";
			sourceTree = "<group>";
		};
		AA641DF81CCE5D0B00304B86 /* Supporting Files */ = {
			isa = PBXGroup;
			children = (
				AA641DE41CCE15B300304B86 /* AppDelegate.swift */,
				AA641DEF1CCE15B300304B86 /* LaunchScreen.storyboard */,
				AA641DF21CCE15B300304B86 /* Info.plist */,
			);
			name = "Supporting Files";
			sourceTree = "<group>";
		};
/* End PBXGroup section */

/* Begin PBXNativeTarget section */
		AA641DE01CCE15B300304B86 /* Vitaly Ishkulov */ = {
			isa = PBXNativeTarget;
			buildConfigurationList = AA641DF51CCE15B300304B86 /* Build configuration list for PBXNativeTarget "Vitaly Ishkulov" */;
			buildPhases = (
				AA641DDD1CCE15B300304B86 /* Sources */,
				AA641DDE1CCE15B300304B86 /* Frameworks */,
				AA641DDF1CCE15B300304B86 /* Resources */,
			);
			buildRules = (
			);
			dependencies = (
			);
			name = "Vitaly Ishkulov";
			productName = "Vitaly Ishkulov";
			productReference = AA641DE11CCE15B300304B86 /* Vitaly Ishkulov.app */;
			productType = "com.apple.product-type.application";
		};
/* End PBXNativeTarget section */

/* Begin PBXProject section */
		AA641DD91CCE15B300304B86 /* Project object */ = {
			isa = PBXProject;
			attributes = {
				LastSwiftUpdateCheck = 0730;
				LastUpgradeCheck = 0730;
				ORGANIZATIONNAME = "Vitaly Ishkulov";
				TargetAttributes = {
					AA641DE01CCE15B300304B86 = {
						CreatedOnToolsVersion = 7.3;
						DevelopmentTeam = DFED5TVV4E;
					};
				};
			};
			buildConfigurationList = AA641DDC1CCE15B300304B86 /* Build configuration list for PBXProject "Vitaly Ishkulov" */;
			compatibilityVersion = "Xcode 3.2";
			developmentRegion = English;
			hasScannedForEncodings = 0;
			knownRegions = (
				en,
				Base,
			);
			mainGroup = AA641DD81CCE15B300304B86;
			productRefGroup = AA641DE21CCE15B300304B86 /* Products */;
			projectDirPath = "";
			projectRoot = "";
			targets = (
				AA641DE01CCE15B300304B86 /* Vitaly Ishkulov */,
			);
		};
/* End PBXProject section */

/* Begin PBXResourcesBuildPhase section */
		AA641DDF1CCE15B300304B86 /* Resources */ = {
			isa = PBXResourcesBuildPhase;
			buildActionMask = 2147483647;
			files = (
				AA641DF11CCE15B300304B86 /* LaunchScreen.storyboard in Resources */,
				AA641E081CD0DBE300304B86 /* dictionary.json in Resources */,
				AA641DEE1CCE15B300304B86 /* Assets.xcassets in Resources */,
				AA641DEC1CCE15B300304B86 /* Main.storyboard in Resources */,
			);
			runOnlyForDeploymentPostprocessing = 0;
		};
/* End PBXResourcesBuildPhase section */

/* Begin PBXSourcesBuildPhase section */
		AA641DDD1CCE15B300304B86 /* Sources */ = {
			isa = PBXSourcesBuildPhase;
			buildActionMask = 2147483647;
			files = (
				AA641DE51CCE15B300304B86 /* AppDelegate.swift in Sources */,
				AA641E041CCFD75B00304B86 /* DefinitionViewController.swift in Sources */,
				AA641DE71CCE15B300304B86 /* CardsViewController.swift in Sources */,
				AA641DFC1CCE6C9D00304B86 /* BubbleButtonView.swift in Sources */,
				AA641E061CCFD82F00304B86 /* DictionaryBrain.swift in Sources */,
				AA641DFA1CCE5E1300304B86 /* CardsScrollView.swift in Sources */,
			);
			runOnlyForDeploymentPostprocessing = 0;
		};
/* End PBXSourcesBuildPhase section */

/* Begin PBXVariantGroup section */
		AA641DEA1CCE15B300304B86 /* Main.storyboard */ = {
			isa = PBXVariantGroup;
			children = (
				AA641DEB1CCE15B300304B86 /* Base */,
			);
			name = Main.storyboard;
			sourceTree = "<group>";
		};
		AA641DEF1CCE15B300304B86 /* LaunchScreen.storyboard */ = {
			isa = PBXVariantGroup;
			children = (
				AA641DF01CCE15B300304B86 /* Base */,
			);
			name = LaunchScreen.storyboard;
			sourceTree = "<group>";
		};
/* End PBXVariantGroup section */

/* Begin XCBuildConfiguration section */
		AA641DF31CCE15B300304B86 /* Debug */ = {
			isa = XCBuildConfiguration;
			buildSettings = {
				ALWAYS_SEARCH_USER_PATHS = NO;
				CLANG_ANALYZER_NONNULL = YES;
				CLANG_CXX_LANGUAGE_STANDARD = "gnu++0x";
				CLANG_CXX_LIBRARY = "libc++";
				CLANG_ENABLE_MODULES = YES;
				CLANG_ENABLE_OBJC_ARC = YES;
				CLANG_WARN_BOOL_CONVERSION = YES;
				CLANG_WARN_CONSTANT_CONVERSION = YES;
				CLANG_WARN_DIRECT_OBJC_ISA_USAGE = YES_ERROR;
				CLANG_WARN_EMPTY_BODY = YES;
				CLANG_WARN_ENUM_CONVERSION = YES;
				CLANG_WARN_INT_CONVERSION = YES;
				CLANG_WARN_OBJC_ROOT_CLASS = YES_ERROR;
				CLANG_WARN_UNREACHABLE_CODE = YES;
				CLANG_WARN__DUPLICATE_METHOD_MATCH = YES;
				"CODE_SIGN_IDENTITY[sdk=iphoneos*]" = "iPhone Developer";
				COPY_PHASE_STRIP = NO;
				DEBUG_INFORMATION_FORMAT = dwarf;
				ENABLE_STRICT_OBJC_MSGSEND = YES;
				ENABLE_TESTABILITY = YES;
				GCC_C_LANGUAGE_STANDARD = gnu99;
				GCC_DYNAMIC_NO_PIC = NO;
				GCC_NO_COMMON_BLOCKS = YES;
				GCC_OPTIMIZATION_LEVEL = 0;
				GCC_PREPROCESSOR_DEFINITIONS = (
					"DEBUG=1",
					"$(inherited)",
				);
				GCC_WARN_64_TO_32_BIT_CONVERSION = YES;
				GCC_WARN_ABOUT_RETURN_TYPE = YES_ERROR;
				GCC_WARN_UNDECLARED_SELECTOR = YES;
				GCC_WARN_UNINITIALIZED_AUTOS = YES_AGGRESSIVE;
				GCC_WARN_UNUSED_FUNCTION = YES;
				GCC_WARN_UNUSED_VARIABLE = YES;
				IPHONEOS_DEPLOYMENT_TARGET = 9.3;
				MTL_ENABLE_DEBUG_INFO = YES;
				ONLY_ACTIVE_ARCH = YES;
				SDKROOT = iphoneos;
				SWIFT_OPTIMIZATION_LEVEL = "-Onone";
			};
			name = Debug;
		};
		AA641DF41CCE15B300304B86 /* Release */ = {
			isa = XCBuildConfiguration;
			buildSettings = {
				ALWAYS_SEARCH_USER_PATHS = NO;
				CLANG_ANALYZER_NONNULL = YES;
				CLANG_CXX_LANGUAGE_STANDARD = "gnu++0x";
				CLANG_CXX_LIBRARY = "libc++";
				CLANG_ENABLE_MODULES = YES;
				CLANG_ENABLE_OBJC_ARC = YES;
				CLANG_WARN_BOOL_CONVERSION = YES;
				CLANG_WARN_CONSTANT_CONVERSION = YES;
				CLANG_WARN_DIRECT_OBJC_ISA_USAGE = YES_ERROR;
				CLANG_WARN_EMPTY_BODY = YES;
				CLANG_WARN_ENUM_CONVERSION = YES;
				CLANG_WARN_INT_CONVERSION = YES;
				CLANG_WARN_OBJC_ROOT_CLASS = YES_ERROR;
				CLANG_WARN_UNREACHABLE_CODE = YES;
				CLANG_WARN__DUPLICATE_METHOD_MATCH = YES;
				"CODE_SIGN_IDENTITY[sdk=iphoneos*]" = "iPhone Developer";
				COPY_PHASE_STRIP = NO;
				DEBUG_INFORMATION_FORMAT = "dwarf-with-dsym";
				ENABLE_NS_ASSERTIONS = NO;
				ENABLE_STRICT_OBJC_MSGSEND = YES;
				GCC_C_LANGUAGE_STANDARD = gnu99;
				GCC_NO_COMMON_BLOCKS = YES;
				GCC_WARN_64_TO_32_BIT_CONVERSION = YES;
				GCC_WARN_ABOUT_RETURN_TYPE = YES_ERROR;
				GCC_WARN_UNDECLARED_SELECTOR = YES;
				GCC_WARN_UNINITIALIZED_AUTOS = YES_AGGRESSIVE;
				GCC_WARN_UNUSED_FUNCTION = YES;
				GCC_WARN_UNUSED_VARIABLE = YES;
				IPHONEOS_DEPLOYMENT_TARGET = 9.3;
				MTL_ENABLE_DEBUG_INFO = NO;
				SDKROOT = iphoneos;
				VALIDATE_PRODUCT = YES;
			};
			name = Release;
		};
		AA641DF61CCE15B300304B86 /* Debug */ = {
			isa = XCBuildConfiguration;
			buildSettings = {
				ASSETCATALOG_COMPILER_APPICON_NAME = AppIcon;
				CODE_SIGN_IDENTITY = "iPhone Developer";
				INFOPLIST_FILE = "Vitaly Ishkulov/Info.plist";
				LD_RUNPATH_SEARCH_PATHS = "$(inherited) @executable_path/Frameworks";
				PRODUCT_BUNDLE_IDENTIFIER = "com.iva-soft.Vitaly-Ishkulov";
				PRODUCT_NAME = "$(TARGET_NAME)";
			};
			name = Debug;
		};
		AA641DF71CCE15B300304B86 /* Release */ = {
			isa = XCBuildConfiguration;
			buildSettings = {
				ASSETCATALOG_COMPILER_APPICON_NAME = AppIcon;
				CODE_SIGN_IDENTITY = "iPhone Developer";
				INFOPLIST_FILE = "Vitaly Ishkulov/Info.plist";
				LD_RUNPATH_SEARCH_PATHS = "$(inherited) @executable_path/Frameworks";
				PRODUCT_BUNDLE_IDENTIFIER = "com.iva-soft.Vitaly-Ishkulov";
				PRODUCT_NAME = "$(TARGET_NAME)";
			};
			name = Release;
		};
/* End XCBuildConfiguration section */

/* Begin XCConfigurationList section */
		AA641DDC1CCE15B300304B86 /* Build configuration list for PBXProject "Vitaly Ishkulov" */ = {
			isa = XCConfigurationList;
			buildConfigurations = (
				AA641DF31CCE15B300304B86 /* Debug */,
				AA641DF41CCE15B300304B86 /* Release */,
			);
			defaultConfigurationIsVisible = 0;
			defaultConfigurationName = Release;
		};
		AA641DF51CCE15B300304B86 /* Build configuration list for PBXNativeTarget "Vitaly Ishkulov" */ = {
			isa = XCConfigurationList;
			buildConfigurations = (
				AA641DF61CCE15B300304B86 /* Debug */,
				AA641DF71CCE15B300304B86 /* Release */,
			);
			defaultConfigurationIsVisible = 0;
		};
/* End XCConfigurationList section */
	};
	rootObject = AA641DD91CCE15B300304B86 /* Project object */;
}
